
Microsoft Visual Studio Solution File, Format Version 12.00
# Visual Studio 15
VisualStudioVersion = 15.0.27130.2027
MinimumVisualStudioVersion = 10.0.40219.1
Project("{9A19103F-16F7-4668-BE54-9A1E7A4F7556}") = "PPMP-dotnet", "PPMP dotnet\PPMP-dotnet.csproj", "{2EDAEF7F-E3A7-42DA-B157-3C273EC15005}"
EndProject
Project("{9A19103F-16F7-4668-BE54-9A1E7A4F7556}") = "PPMP-dotnet-unittests", "PPMP dotnet-unittests\PPMP-dotnet-unittests.csproj", "{3D2B5D72-1D16-42BA-A288-A844029D66FC}"
	ProjectSection(ProjectDependencies) = postProject
		{2EDAEF7F-E3A7-42DA-B157-3C273EC15005} = {2EDAEF7F-E3A7-42DA-B157-3C273EC15005}
	EndProjectSection
EndProject
Project("{FAE04EC0-301F-11D3-BF4B-00C04F79EFBC}") = "PPMPApi", "PPMPApi\PPMPApi.csproj", "{6493106F-D1B6-4BCF-B6C5-510D9F9F3899}"
EndProject
Project("{FAE04EC0-301F-11D3-BF4B-00C04F79EFBC}") = "PPMP Publisher", "PPMP Publisher\PPMP Publisher.csproj", "{4E4E1495-96CB-4AFF-AB27-BED9ACF9134B}"
EndProject
Global
	GlobalSection(SolutionConfigurationPlatforms) = preSolution
		Debug|Any CPU = Debug|Any CPU
		Release|Any CPU = Release|Any CPU
	EndGlobalSection
	GlobalSection(ProjectConfigurationPlatforms) = postSolution
		{2EDAEF7F-E3A7-42DA-B157-3C273EC15005}.Debug|Any CPU.ActiveCfg = Debug|Any CPU
		{2EDAEF7F-E3A7-42DA-B157-3C273EC15005}.Debug|Any CPU.Build.0 = Debug|Any CPU
		{2EDAEF7F-E3A7-42DA-B157-3C273EC15005}.Release|Any CPU.ActiveCfg = Release|Any CPU
		{2EDAEF7F-E3A7-42DA-B157-3C273EC15005}.Release|Any CPU.Build.0 = Release|Any CPU
		{3D2B5D72-1D16-42BA-A288-A844029D66FC}.Debug|Any CPU.ActiveCfg = Debug|Any CPU
		{3D2B5D72-1D16-42BA-A288-A844029D66FC}.Debug|Any CPU.Build.0 = Debug|Any CPU
		{3D2B5D72-1D16-42BA-A288-A844029D66FC}.Release|Any CPU.ActiveCfg = Release|Any CPU
		{3D2B5D72-1D16-42BA-A288-A844029D66FC}.Release|Any CPU.Build.0 = Release|Any CPU
		{6493106F-D1B6-4BCF-B6C5-510D9F9F3899}.Debug|Any CPU.ActiveCfg = Debug|Any CPU
		{6493106F-D1B6-4BCF-B6C5-510D9F9F3899}.Debug|Any CPU.Build.0 = Debug|Any CPU
		{6493106F-D1B6-4BCF-B6C5-510D9F9F3899}.Release|Any CPU.ActiveCfg = Release|Any CPU
		{6493106F-D1B6-4BCF-B6C5-510D9F9F3899}.Release|Any CPU.Build.0 = Release|Any CPU
		{4E4E1495-96CB-4AFF-AB27-BED9ACF9134B}.Debug|Any CPU.ActiveCfg = Debug|Any CPU
		{4E4E1495-96CB-4AFF-AB27-BED9ACF9134B}.Debug|Any CPU.Build.0 = Debug|Any CPU
		{4E4E1495-96CB-4AFF-AB27-BED9ACF9134B}.Release|Any CPU.ActiveCfg = Release|Any CPU
		{4E4E1495-96CB-4AFF-AB27-BED9ACF9134B}.Release|Any CPU.Build.0 = Release|Any CPU
	EndGlobalSection
	GlobalSection(SolutionProperties) = preSolution
		HideSolutionNode = FALSE
	EndGlobalSection
	GlobalSection(ExtensibilityGlobals) = postSolution
		SolutionGuid = {125C5C5C-F9DB-43BD-94DF-80F26D1FDD40}
	EndGlobalSection
EndGlobal
